// !$*UTF8*$!
{
	archiveVersion = 1;
	classes = {
	};
	objectVersion = 46;
	objects = {

/* Begin PBXBuildFile section */
		8E11A6E91AD7FF2500D45CA3 /* AppDelegate.swift in Sources */ = {isa = PBXBuildFile; fileRef = 8E11A6E81AD7FF2500D45CA3 /* AppDelegate.swift */; };
		8E11A6EB1AD7FF2500D45CA3 /* ViewController.swift in Sources */ = {isa = PBXBuildFile; fileRef = 8E11A6EA1AD7FF2500D45CA3 /* ViewController.swift */; };
		8E11A6EE1AD7FF2500D45CA3 /* Main.storyboard in Resources */ = {isa = PBXBuildFile; fileRef = 8E11A6EC1AD7FF2500D45CA3 /* Main.storyboard */; };
		8E11A6F01AD7FF2500D45CA3 /* Images.xcassets in Resources */ = {isa = PBXBuildFile; fileRef = 8E11A6EF1AD7FF2500D45CA3 /* Images.xcassets */; };
		8E11A6F31AD7FF2500D45CA3 /* LaunchScreen.xib in Resources */ = {isa = PBXBuildFile; fileRef = 8E11A6F11AD7FF2500D45CA3 /* LaunchScreen.xib */; };
		8E11A6FF1AD7FF2500D45CA3 /* PagedIteratorExampleTests.swift in Sources */ = {isa = PBXBuildFile; fileRef = 8E11A6FE1AD7FF2500D45CA3 /* PagedIteratorExampleTests.swift */; };
/* End PBXBuildFile section */

/* Begin PBXContainerItemProxy section */
		8E11A6F91AD7FF2500D45CA3 /* PBXContainerItemProxy */ = {
			isa = PBXContainerItemProxy;
			containerPortal = 8E11A6DB1AD7FF2400D45CA3 /* Project object */;
			proxyType = 1;
			remoteGlobalIDString = 8E11A6E21AD7FF2400D45CA3;
			remoteInfo = PagedIteratorExample;
		};
/* End PBXContainerItemProxy section */

/* Begin PBXFileReference section */
		8E11A6E31AD7FF2400D45CA3 /* PagedIteratorExample.app */ = {isa = PBXFileReference; explicitFileType = wrapper.application; includeInIndex = 0; path = PagedIteratorExample.app; sourceTree = BUILT_PRODUCTS_DIR; };
		8E11A6E71AD7FF2500D45CA3 /* Info.plist */ = {isa = PBXFileReference; lastKnownFileType = text.plist.xml; path = Info.plist; sourceTree = "<group>"; };
		8E11A6E81AD7FF2500D45CA3 /* AppDelegate.swift */ = {isa = PBXFileReference; lastKnownFileType = sourcecode.swift; path = AppDelegate.swift; sourceTree = "<group>"; };
		8E11A6EA1AD7FF2500D45CA3 /* ViewController.swift */ = {isa = PBXFileReference; lastKnownFileType = sourcecode.swift; path = ViewController.swift; sourceTree = "<group>"; };
		8E11A6ED1AD7FF2500D45CA3 /* Base */ = {isa = PBXFileReference; lastKnownFileType = file.storyboard; name = Base; path = Base.lproj/Main.storyboard; sourceTree = "<group>"; };
		8E11A6EF1AD7FF2500D45CA3 /* Images.xcassets */ = {isa = PBXFileReference; lastKnownFileType = folder.assetcatalog; path = Images.xcassets; sourceTree = "<group>"; };
		8E11A6F21AD7FF2500D45CA3 /* Base */ = {isa = PBXFileReference; lastKnownFileType = file.xib; name = Base; path = Base.lproj/LaunchScreen.xib; sourceTree = "<group>"; };
		8E11A6F81AD7FF2500D45CA3 /* PagedIteratorExampleTests.xctest */ = {isa = PBXFileReference; explicitFileType = wrapper.cfbundle; includeInIndex = 0; path = PagedIteratorExampleTests.xctest; sourceTree = BUILT_PRODUCTS_DIR; };
		8E11A6FD1AD7FF2500D45CA3 /* Info.plist */ = {isa = PBXFileReference; lastKnownFileType = text.plist.xml; path = Info.plist; sourceTree = "<group>"; };
		8E11A6FE1AD7FF2500D45CA3 /* PagedIteratorExampleTests.swift */ = {isa = PBXFileReference; lastKnownFileType = sourcecode.swift; path = PagedIteratorExampleTests.swift; sourceTree = "<group>"; };
/* End PBXFileReference section */

/* Begin PBXFrameworksBuildPhase section */
		8E11A6E01AD7FF2400D45CA3 /* Frameworks */ = {
			isa = PBXFrameworksBuildPhase;
			buildActionMask = 2147483647;
			files = (
			);
			runOnlyForDeploymentPostprocessing = 0;
		};
		8E11A6F51AD7FF2500D45CA3 /* Frameworks */ = {
			isa = PBXFrameworksBuildPhase;
			buildActionMask = 2147483647;
			files = (
			);
			runOnlyForDeploymentPostprocessing = 0;
		};
/* End PBXFrameworksBuildPhase section */

/* Begin PBXGroup section */
		8E11A6DA1AD7FF2400D45CA3 = {
			isa = PBXGroup;
			children = (
				8E11A6E51AD7FF2400D45CA3 /* PagedIteratorExample */,
				8E11A6FB1AD7FF2500D45CA3 /* PagedIteratorExampleTests */,
				8E11A6E41AD7FF2400D45CA3 /* Products */,
			);
			sourceTree = "<group>";
		};
		8E11A6E41AD7FF2400D45CA3 /* Products */ = {
			isa = PBXGroup;
			children = (
				8E11A6E31AD7FF2400D45CA3 /* PagedIteratorExample.app */,
				8E11A6F81AD7FF2500D45CA3 /* PagedIteratorExampleTests.xctest */,
			);
			name = Products;
			sourceTree = "<group>";
		};
		8E11A6E51AD7FF2400D45CA3 /* PagedIteratorExample */ = {
			isa = PBXGroup;
			children = (
				8E11A6E81AD7FF2500D45CA3 /* AppDelegate.swift */,
				8E11A6EA1AD7FF2500D45CA3 /* ViewController.swift */,
				8E11A6EC1AD7FF2500D45CA3 /* Main.storyboard */,
				8E11A6EF1AD7FF2500D45CA3 /* Images.xcassets */,
				8E11A6F11AD7FF2500D45CA3 /* LaunchScreen.xib */,
				8E11A6E61AD7FF2500D45CA3 /* Supporting Files */,
			);
			path = PagedIteratorExample;
			sourceTree = "<group>";
		};
		8E11A6E61AD7FF2500D45CA3 /* Supporting Files */ = {
			isa = PBXGroup;
			children = (
				8E11A6E71AD7FF2500D45CA3 /* Info.plist */,
			);
			name = "Supporting Files";
			sourceTree = "<group>";
		};
		8E11A6FB1AD7FF2500D45CA3 /* PagedIteratorExampleTests */ = {
			isa = PBXGroup;
			children = (
				8E11A6FE1AD7FF2500D45CA3 /* PagedIteratorExampleTests.swift */,
				8E11A6FC1AD7FF2500D45CA3 /* Supporting Files */,
			);
			path = PagedIteratorExampleTests;
			sourceTree = "<group>";
		};
		8E11A6FC1AD7FF2500D45CA3 /* Supporting Files */ = {
			isa = PBXGroup;
			children = (
				8E11A6FD1AD7FF2500D45CA3 /* Info.plist */,
			);
			name = "Supporting Files";
			sourceTree = "<group>";
		};
/* End PBXGroup section */

/* Begin PBXNativeTarget section */
		8E11A6E21AD7FF2400D45CA3 /* PagedIteratorExample */ = {
			isa = PBXNativeTarget;
			buildConfigurationList = 8E11A7021AD7FF2500D45CA3 /* Build configuration list for PBXNativeTarget "PagedIteratorExample" */;
			buildPhases = (
				8E11A6DF1AD7FF2400D45CA3 /* Sources */,
				8E11A6E01AD7FF2400D45CA3 /* Frameworks */,
				8E11A6E11AD7FF2400D45CA3 /* Resources */,
			);
			buildRules = (
			);
			dependencies = (
			);
			name = PagedIteratorExample;
			productName = PagedIteratorExample;
			productReference = 8E11A6E31AD7FF2400D45CA3 /* PagedIteratorExample.app */;
			productType = "com.apple.product-type.application";
		};
		8E11A6F71AD7FF2500D45CA3 /* PagedIteratorExampleTests */ = {
			isa = PBXNativeTarget;
			buildConfigurationList = 8E11A7051AD7FF2500D45CA3 /* Build configuration list for PBXNativeTarget "PagedIteratorExampleTests" */;
			buildPhases = (
				8E11A6F41AD7FF2500D45CA3 /* Sources */,
				8E11A6F51AD7FF2500D45CA3 /* Frameworks */,
				8E11A6F61AD7FF2500D45CA3 /* Resources */,
			);
			buildRules = (
			);
			dependencies = (
				8E11A6FA1AD7FF2500D45CA3 /* PBXTargetDependency */,
			);
			name = PagedIteratorExampleTests;
			productName = PagedIteratorExampleTests;
			productReference = 8E11A6F81AD7FF2500D45CA3 /* PagedIteratorExampleTests.xctest */;
			productType = "com.apple.product-type.bundle.unit-test";
		};
/* End PBXNativeTarget section */

/* Begin PBXProject section */
		8E11A6DB1AD7FF2400D45CA3 /* Project object */ = {
			isa = PBXProject;
			attributes = {
				LastUpgradeCheck = 0630;
				ORGANIZATIONNAME = "Korey Hinton";
				TargetAttributes = {
					8E11A6E21AD7FF2400D45CA3 = {
						CreatedOnToolsVersion = 6.3;
					};
					8E11A6F71AD7FF2500D45CA3 = {
						CreatedOnToolsVersion = 6.3;
						TestTargetID = 8E11A6E21AD7FF2400D45CA3;
					};
				};
			};
			buildConfigurationList = 8E11A6DE1AD7FF2400D45CA3 /* Build configuration list for PBXProject "PagedIteratorExample" */;
			compatibilityVersion = "Xcode 3.2";
			developmentRegion = English;
			hasScannedForEncodings = 0;
			knownRegions = (
				en,
				Base,
			);
			mainGroup = 8E11A6DA1AD7FF2400D45CA3;
			productRefGroup = 8E11A6E41AD7FF2400D45CA3 /* Products */;
			projectDirPath = "";
			projectRoot = "";
			targets = (
				8E11A6E21AD7FF2400D45CA3 /* PagedIteratorExample */,
				8E11A6F71AD7FF2500D45CA3 /* PagedIteratorExampleTests */,
			);
		};
/* End PBXProject section */

/* Begin PBXResourcesBuildPhase section */
		8E11A6E11AD7FF2400D45CA3 /* Resources */ = {
			isa = PBXResourcesBuildPhase;
			buildActionMask = 2147483647;
			files = (
				8E11A6EE1AD7FF2500D45CA3 /* Main.storyboard in Resources */,
				8E11A6F31AD7FF2500D45CA3 /* LaunchScreen.xib in Resources */,
				8E11A6F01AD7FF2500D45CA3 /* Images.xcassets in Resources */,
			);
			runOnlyForDeploymentPostprocessing = 0;
		};
		8E11A6F61AD7FF2500D45CA3 /* Resources */ = {
			isa = PBXResourcesBuildPhase;
			buildActionMask = 2147483647;
			files = (
			);
			runOnlyForDeploymentPostprocessing = 0;
		};
/* End PBXResourcesBuildPhase section */

/* Begin PBXSourcesBuildPhase section */
		8E11A6DF1AD7FF2400D45CA3 /* Sources */ = {
			isa = PBXSourcesBuildPhase;
			buildActionMask = 2147483647;
			files = (
				8E11A6EB1AD7FF2500D45CA3 /* ViewController.swift in Sources */,
				8E11A6E91AD7FF2500D45CA3 /* AppDelegate.swift in Sources */,
			);
			runOnlyForDeploymentPostprocessing = 0;
		};
		8E11A6F41AD7FF2500D45CA3 /* Sources */ = {
			isa = PBXSourcesBuildPhase;
			buildActionMask = 2147483647;
			files = (
				8E11A6FF1AD7FF2500D45CA3 /* PagedIteratorExampleTests.swift in Sources */,
			);
			runOnlyForDeploymentPostprocessing = 0;
		};
/* End PBXSourcesBuildPhase section */

/* Begin PBXTargetDependency section */
		8E11A6FA1AD7FF2500D45CA3 /* PBXTargetDependency */ = {
			isa = PBXTargetDependency;
			target = 8E11A6E21AD7FF2400D45CA3 /* PagedIteratorExample */;
			targetProxy = 8E11A6F91AD7FF2500D45CA3 /* PBXContainerItemProxy */;
		};
/* End PBXTargetDependency section */

/* Begin PBXVariantGroup section */
		8E11A6EC1AD7FF2500D45CA3 /* Main.storyboard */ = {
			isa = PBXVariantGroup;
			children = (
				8E11A6ED1AD7FF2500D45CA3 /* Base */,
			);
			name = Main.storyboard;
			sourceTree = "<group>";
		};
		8E11A6F11AD7FF2500D45CA3 /* LaunchScreen.xib */ = {
			isa = PBXVariantGroup;
			children = (
				8E11A6F21AD7FF2500D45CA3 /* Base */,
			);
			name = LaunchScreen.xib;
			sourceTree = "<group>";
		};
/* End PBXVariantGroup section */

/* Begin XCBuildConfiguration section */
		8E11A7001AD7FF2500D45CA3 /* Debug */ = {
			isa = XCBuildConfiguration;
			buildSettings = {
				ALWAYS_SEARCH_USER_PATHS = NO;
				CLANG_CXX_LANGUAGE_STANDARD = "gnu++0x";
				CLANG_CXX_LIBRARY = "libc++";
				CLANG_ENABLE_MODULES = YES;
				CLANG_ENABLE_OBJC_ARC = YES;
				CLANG_WARN_BOOL_CONVERSION = YES;
				CLANG_WARN_CONSTANT_CONVERSION = YES;
				CLANG_WARN_DIRECT_OBJC_ISA_USAGE = YES_ERROR;
				CLANG_WARN_EMPTY_BODY = YES;
				CLANG_WARN_ENUM_CONVERSION = YES;
				CLANG_WARN_INT_CONVERSION = YES;
				CLANG_WARN_OBJC_ROOT_CLASS = YES_ERROR;
				CLANG_WARN_UNREACHABLE_CODE = YES;
				CLANG_WARN__DUPLICATE_METHOD_MATCH = YES;
				"CODE_SIGN_IDENTITY[sdk=iphoneos*]" = "iPhone Developer";
				COPY_PHASE_STRIP = NO;
				DEBUG_INFORMATION_FORMAT = "dwarf-with-dsym";
				ENABLE_STRICT_OBJC_MSGSEND = YES;
				GCC_C_LANGUAGE_STANDARD = gnu99;
				GCC_DYNAMIC_NO_PIC = NO;
				GCC_NO_COMMON_BLOCKS = YES;
				GCC_OPTIMIZATION_LEVEL = 0;
				GCC_PREPROCESSOR_DEFINITIONS = (
					"DEBUG=1",
					"$(inherited)",
				);
				GCC_SYMBOLS_PRIVATE_EXTERN = NO;
				GCC_WARN_64_TO_32_BIT_CONVERSION = YES;
				GCC_WARN_ABOUT_RETURN_TYPE = YES_ERROR;
				GCC_WARN_UNDECLARED_SELECTOR = YES;
				GCC_WARN_UNINITIALIZED_AUTOS = YES_AGGRESSIVE;
				GCC_WARN_UNUSED_FUNCTION = YES;
				GCC_WARN_UNUSED_VARIABLE = YES;
				IPHONEOS_DEPLOYMENT_TARGET = 8.3;
				MTL_ENABLE_DEBUG_INFO = YES;
				ONLY_ACTIVE_ARCH = YES;
				SDKROOT = iphoneos;
				SWIFT_OPTIMIZATION_LEVEL = "-Onone";
				TARGETED_DEVICE_FAMILY = "1,2";
			};
			name = Debug;
		};
		8E11A7011AD7FF2500D45CA3 /* Release */ = {
			isa = XCBuildConfiguration;
			buildSettings = {
				ALWAYS_SEARCH_USER_PATHS = NO;
				CLANG_CXX_LANGUAGE_STANDARD = "gnu++0x";
				CLANG_CXX_LIBRARY = "libc++";
				CLANG_ENABLE_MODULES = YES;
				CLANG_ENABLE_OBJC_ARC = YES;
				CLANG_WARN_BOOL_CONVERSION = YES;
				CLANG_WARN_CONSTANT_CONVERSION = YES;
				CLANG_WARN_DIRECT_OBJC_ISA_USAGE = YES_ERROR;
				CLANG_WARN_EMPTY_BODY = YES;
				CLANG_WARN_ENUM_CONVERSION = YES;
				CLANG_WARN_INT_CONVERSION = YES;
				CLANG_WARN_OBJC_ROOT_CLASS = YES_ERROR;
				CLANG_WARN_UNREACHABLE_CODE = YES;
				CLANG_WARN__DUPLICATE_METHOD_MATCH = YES;
				"CODE_SIGN_IDENTITY[sdk=iphoneos*]" = "iPhone Developer";
				COPY_PHASE_STRIP = NO;
				DEBUG_INFORMATION_FORMAT = "dwarf-with-dsym";
				ENABLE_NS_ASSERTIONS = NO;
				ENABLE_STRICT_OBJC_MSGSEND = YES;
				GCC_C_LANGUAGE_STANDARD = gnu99;
				GCC_NO_COMMON_BLOCKS = YES;
				GCC_WARN_64_TO_32_BIT_CONVERSION = YES;
				GCC_WARN_ABOUT_RETURN_TYPE = YES_ERROR;
				GCC_WARN_UNDECLARED_SELECTOR = YES;
				GCC_WARN_UNINITIALIZED_AUTOS = YES_AGGRESSIVE;
				GCC_WARN_UNUSED_FUNCTION = YES;
				GCC_WARN_UNUSED_VARIABLE = YES;
				IPHONEOS_DEPLOYMENT_TARGET = 8.3;
				MTL_ENABLE_DEBUG_INFO = NO;
				SDKROOT = iphoneos;
				TARGETED_DEVICE_FAMILY = "1,2";
				VALIDATE_PRODUCT = YES;
			};
			name = Release;
		};
		8E11A7031AD7FF2500D45CA3 /* Debug */ = {
			isa = XCBuildConfiguration;
			buildSettings = {
				ASSETCATALOG_COMPILER_APPICON_NAME = AppIcon;
				INFOPLIST_FILE = PagedIteratorExample/Info.plist;
				LD_RUNPATH_SEARCH_PATHS = "$(inherited) @executable_path/Frameworks";
				PRODUCT_NAME = "$(TARGET_NAME)";
			};
			name = Debug;
		};
		8E11A7041AD7FF2500D45CA3 /* Release */ = {
			isa = XCBuildConfiguration;
			buildSettings = {
				ASSETCATALOG_COMPILER_APPICON_NAME = AppIcon;
				INFOPLIST_FILE = PagedIteratorExample/Info.plist;
				LD_RUNPATH_SEARCH_PATHS = "$(inherited) @executable_path/Frameworks";
				PRODUCT_NAME = "$(TARGET_NAME)";
			};
			name = Release;
		};
		8E11A7061AD7FF2500D45CA3 /* Debug */ = {
			isa = XCBuildConfiguration;
			buildSettings = {
				BUNDLE_LOADER = "$(TEST_HOST)";
				FRAMEWORK_SEARCH_PATHS = (
					"$(SDKROOT)/Developer/Library/Frameworks",
					"$(inherited)",
				);
				GCC_PREPROCESSOR_DEFINITIONS = (
					"DEBUG=1",
					"$(inherited)",
				);
				INFOPLIST_FILE = PagedIteratorExampleTests/Info.plist;
				LD_RUNPATH_SEARCH_PATHS = "$(inherited) @executable_path/Frameworks @loader_path/Frameworks";
				PRODUCT_NAME = "$(TARGET_NAME)";
				TEST_HOST = "$(BUILT_PRODUCTS_DIR)/PagedIteratorExample.app/PagedIteratorExample";
			};
			name = Debug;
		};
		8E11A7071AD7FF2500D45CA3 /* Release */ = {
			isa = XCBuildConfiguration;
			buildSettings = {
				BUNDLE_LOADER = "$(TEST_HOST)";
				FRAMEWORK_SEARCH_PATHS = (
					"$(SDKROOT)/Developer/Library/Frameworks",
					"$(inherited)",
				);
				INFOPLIST_FILE = PagedIteratorExampleTests/Info.plist;
				LD_RUNPATH_SEARCH_PATHS = "$(inherited) @executable_path/Frameworks @loader_path/Frameworks";
				PRODUCT_NAME = "$(TARGET_NAME)";
				TEST_HOST = "$(BUILT_PRODUCTS_DIR)/PagedIteratorExample.app/PagedIteratorExample";
			};
			name = Release;
		};
/* End XCBuildConfiguration section */

/* Begin XCConfigurationList section */
		8E11A6DE1AD7FF2400D45CA3 /* Build configuration list for PBXProject "PagedIteratorExample" */ = {
			isa = XCConfigurationList;
			buildConfigurations = (
				8E11A7001AD7FF2500D45CA3 /* Debug */,
				8E11A7011AD7FF2500D45CA3 /* Release */,
			);
			defaultConfigurationIsVisible = 0;
			defaultConfigurationName = Release;
		};
		8E11A7021AD7FF2500D45CA3 /* Build configuration list for PBXNativeTarget "PagedIteratorExample" */ = {
			isa = XCConfigurationList;
			buildConfigurations = (
				8E11A7031AD7FF2500D45CA3 /* Debug */,
				8E11A7041AD7FF2500D45CA3 /* Release */,
			);
			defaultConfigurationIsVisible = 0;
		};
		8E11A7051AD7FF2500D45CA3 /* Build configuration list for PBXNativeTarget "PagedIteratorExampleTests" */ = {
			isa = XCConfigurationList;
			buildConfigurations = (
				8E11A7061AD7FF2500D45CA3 /* Debug */,
				8E11A7071AD7FF2500D45CA3 /* Release */,
			);
			defaultConfigurationIsVisible = 0;
		};
/* End XCConfigurationList section */
	};
	rootObject = 8E11A6DB1AD7FF2400D45CA3 /* Project object */;
}
